
Microsoft Visual Studio Solution File, Format Version 12.00
# Visual Studio Version 16
VisualStudioVersion = 16.0.31005.135
MinimumVisualStudioVersion = 10.0.40219.1
Project("{FAE04EC0-301F-11D3-BF4B-00C04F79EFBC}") = "SoftServe HW2", "SoftServe HW2\SoftServe HW2.csproj", "{4EE89D87-CDB2-41F0-AAE8-52ACAE42AB94}"
EndProject
Global
	GlobalSection(SolutionConfigurationPlatforms) = preSolution
		Debug|Any CPU = Debug|Any CPU
		Release|Any CPU = Release|Any CPU
	EndGlobalSection
	GlobalSection(ProjectConfigurationPlatforms) = postSolution
		{4EE89D87-CDB2-41F0-AAE8-52ACAE42AB94}.Debug|Any CPU.ActiveCfg = Debug|Any CPU
		{4EE89D87-CDB2-41F0-AAE8-52ACAE42AB94}.Debug|Any CPU.Build.0 = Debug|Any CPU
		{4EE89D87-CDB2-41F0-AAE8-52ACAE42AB94}.Release|Any CPU.ActiveCfg = Release|Any CPU
		{4EE89D87-CDB2-41F0-AAE8-52ACAE42AB94}.Release|Any CPU.Build.0 = Release|Any CPU
	EndGlobalSection
	GlobalSection(SolutionProperties) = preSolution
		HideSolutionNode = FALSE
	EndGlobalSection
	GlobalSection(ExtensibilityGlobals) = postSolution
		SolutionGuid = {DBF0323B-610B-43BD-8E47-8E22EF4A7A62}
	EndGlobalSection
EndGlobal
