
Microsoft Visual Studio Solution File, Format Version 12.00
# Visual Studio Version 16
VisualStudioVersion = 16.0.31005.135
MinimumVisualStudioVersion = 10.0.40219.1
Project("{FAE04EC0-301F-11D3-BF4B-00C04F79EFBC}") = "SoftServeHW4", "SoftServeHW4\SoftServeHW4.csproj", "{4F698FF1-96AF-4FEE-9180-5726E092FB3C}"
EndProject
Global
	GlobalSection(SolutionConfigurationPlatforms) = preSolution
		Debug|Any CPU = Debug|Any CPU
		Release|Any CPU = Release|Any CPU
	EndGlobalSection
	GlobalSection(ProjectConfigurationPlatforms) = postSolution
		{4F698FF1-96AF-4FEE-9180-5726E092FB3C}.Debug|Any CPU.ActiveCfg = Debug|Any CPU
		{4F698FF1-96AF-4FEE-9180-5726E092FB3C}.Debug|Any CPU.Build.0 = Debug|Any CPU
		{4F698FF1-96AF-4FEE-9180-5726E092FB3C}.Release|Any CPU.ActiveCfg = Release|Any CPU
		{4F698FF1-96AF-4FEE-9180-5726E092FB3C}.Release|Any CPU.Build.0 = Release|Any CPU
	EndGlobalSection
	GlobalSection(SolutionProperties) = preSolution
		HideSolutionNode = FALSE
	EndGlobalSection
	GlobalSection(ExtensibilityGlobals) = postSolution
		SolutionGuid = {8A961092-9340-47E7-98C9-113A96C76F46}
	EndGlobalSection
EndGlobal
